{
  "nodes": {
    "deadnix": {
      "inputs": {
        "naersk": "naersk",
        "nixpkgs": [
          "nixpkgs"
        ],
        "utils": "utils"
      },
      "locked": {
        "lastModified": 1674513301,
        "narHash": "sha256-vZC/ia0gFfJQ/khEJNGrk68naY/oGJHaoiSQlDcShJw=",
        "owner": "astro",
        "repo": "deadnix",
        "rev": "e9cf3648356c3a90f7cfd88f7a42a51eec9560a2",
        "type": "github"
      },
      "original": {
        "owner": "astro",
        "repo": "deadnix",
        "type": "github"
      }
    },
    "deploy-rs": {
      "inputs": {
        "flake-compat": "flake-compat",
        "nixpkgs": "nixpkgs",
        "utils": "utils_2"
      },
      "locked": {
        "lastModified": 1674127017,
        "narHash": "sha256-QO1xF7stu5ZMDLbHN30LFolMAwY6TVlzYvQoUs1RD68=",
        "owner": "serokell",
        "repo": "deploy-rs",
        "rev": "8c9ea9605eed20528bf60fae35a2b613b901fd77",
        "type": "github"
      },
      "original": {
        "owner": "serokell",
        "repo": "deploy-rs",
        "type": "github"
      }
    },
    "flake-compat": {
      "flake": false,
      "locked": {
        "lastModified": 1668681692,
        "narHash": "sha256-Ht91NGdewz8IQLtWZ9LCeNXMSXHUss+9COoqu6JLmXU=",
        "owner": "edolstra",
        "repo": "flake-compat",
        "rev": "009399224d5e398d03b22badca40a37ac85412a1",
        "type": "github"
      },
      "original": {
        "owner": "edolstra",
        "repo": "flake-compat",
        "type": "github"
      }
    },
    "flake-compat_2": {
      "flake": false,
      "locked": {
        "lastModified": 1673956053,
        "narHash": "sha256-4gtG9iQuiKITOjNQQeQIpoIB6b16fm+504Ch3sNKLd8=",
        "owner": "edolstra",
        "repo": "flake-compat",
        "rev": "35bb57c0c8d8b62bbfd284272c928ceb64ddbde9",
        "type": "github"
      },
      "original": {
        "owner": "edolstra",
        "repo": "flake-compat",
        "type": "github"
      }
    },
    "flake-utils": {
      "locked": {
        "lastModified": 1676283394,
        "narHash": "sha256-XX2f9c3iySLCw54rJ/CZs+ZK6IQy7GXNY4nSOyu2QG4=",
        "owner": "numtide",
        "repo": "flake-utils",
        "rev": "3db36a8b464d0c4532ba1c7dda728f4576d6d073",
        "type": "github"
      },
      "original": {
        "owner": "numtide",
        "repo": "flake-utils",
        "type": "github"
      }
    },
    "hardware": {
      "locked": {
        "lastModified": 1675933606,
        "narHash": "sha256-y427VhPQHOKkYvkc9MMsL/2R7M11rQxzsRdRLM3htx8=",
        "owner": "NixOS",
        "repo": "nixos-hardware",
        "rev": "44ae00e02e8036a66c08f4decdece7e3bbbefee2",
        "type": "github"
      },
      "original": {
        "owner": "NixOS",
        "repo": "nixos-hardware",
        "type": "github"
      }
    },
    "home": {
      "inputs": {
        "nixpkgs": [
          "nixpkgs"
        ],
        "utils": [
          "flake-utils"
        ]
      },
      "locked": {
        "lastModified": 1676367705,
        "narHash": "sha256-un5UbRat9TwruyImtwUGcKF823rCEp4fQxnsaLFL7CM=",
        "owner": "nix-community",
        "repo": "home-manager",
        "rev": "da72e6fc6b7dc0c3f94edbd310aae7cd95c678b5",
        "type": "github"
      },
      "original": {
        "owner": "nix-community",
        "repo": "home-manager",
        "type": "github"
      }
    },
    "naersk": {
      "inputs": {
        "nixpkgs": [
          "deadnix",
          "nixpkgs"
        ]
      },
      "locked": {
        "lastModified": 1671096816,
        "narHash": "sha256-ezQCsNgmpUHdZANDCILm3RvtO1xH8uujk/+EqNvzIOg=",
        "owner": "nix-community",
        "repo": "naersk",
        "rev": "d998160d6a076cfe8f9741e56aeec7e267e3e114",
        "type": "github"
      },
      "original": {
        "owner": "nix-community",
        "ref": "master",
        "repo": "naersk",
        "type": "github"
      }
    },
    "nix-darwin": {
      "inputs": {
        "nixpkgs": [
          "nixpkgs"
        ]
      },
      "locked": {
        "lastModified": 1673295039,
        "narHash": "sha256-AsdYgE8/GPwcelGgrntlijMg4t3hLFJFCRF3tL5WVjA=",
        "owner": "lnl7",
        "repo": "nix-darwin",
        "rev": "87b9d090ad39b25b2400029c64825fc2a8868943",
        "type": "github"
      },
      "original": {
        "owner": "lnl7",
        "ref": "master",
        "repo": "nix-darwin",
        "type": "github"
      }
    },
    "nixos-modules": {
      "inputs": {
        "nixpkgs-lib": [
          "nixpkgs"
        ]
      },
      "locked": {
        "lastModified": 1675356566,
        "narHash": "sha256-SSi2iQpaoLeOn4A/5UqdzoDm5Xy2rVuUSlikTzXNt6A=",
        "owner": "SuperSandro2000",
        "repo": "nixos-modules",
        "rev": "47969984613be67e7cb51bf01ee095c994b9f63e",
        "type": "github"
      },
      "original": {
        "owner": "SuperSandro2000",
        "repo": "nixos-modules",
        "type": "github"
      }
    },
    "nixpkgs": {
      "locked": {
        "lastModified": 1671417167,
        "narHash": "sha256-JkHam6WQOwZN1t2C2sbp1TqMv3TVRjzrdoejqfefwrM=",
        "owner": "NixOS",
        "repo": "nixpkgs",
        "rev": "bb31220cca6d044baa6dc2715b07497a2a7c4bc7",
        "type": "github"
      },
      "original": {
        "owner": "NixOS",
        "ref": "nixpkgs-unstable",
        "repo": "nixpkgs",
        "type": "github"
      }
    },
    "nixpkgs-stable": {
      "locked": {
        "lastModified": 1676162277,
        "narHash": "sha256-GK3cnvKNo1l0skGYXXiLJ/TLqdKyIYXd7jOlo0gN+Qw=",
        "owner": "NixOS",
        "repo": "nixpkgs",
        "rev": "d863ca850a06d91365c01620dcac342574ecf46f",
        "type": "github"
      },
      "original": {
        "owner": "NixOS",
        "ref": "release-22.11",
        "repo": "nixpkgs",
        "type": "github"
      }
    },
    "nixpkgs_2": {
      "locked": {
        "lastModified": 1676300157,
        "narHash": "sha256-1HjRzfp6LOLfcj/HJHdVKWAkX9QRAouoh6AjzJiIerU=",
        "owner": "NixOS",
        "repo": "nixpkgs",
        "rev": "545c7a31e5dedea4a6d372712a18e00ce097d462",
        "type": "github"
      },
      "original": {
        "owner": "NixOS",
        "ref": "nixos-unstable",
        "repo": "nixpkgs",
        "type": "github"
      }
    },
    "root": {
      "inputs": {
        "deadnix": "deadnix",
        "deploy-rs": "deploy-rs",
        "flake-compat": "flake-compat_2",
        "flake-utils": "flake-utils",
        "hardware": "hardware",
        "home": "home",
        "nix-darwin": "nix-darwin",
        "nixos-modules": "nixos-modules",
        "nixpkgs": "nixpkgs_2",
        "sops-nix": "sops-nix",
        "stable": "stable"
      }
    },
    "sops-nix": {
      "inputs": {
        "nixpkgs": [
          "nixpkgs"
        ],
        "nixpkgs-stable": "nixpkgs-stable"
      },
      "locked": {
        "lastModified": 1676171095,
        "narHash": "sha256-2laeSjBAAJ9e/C3uTIPb287iX8qeVLtWiilw1uxqG+A=",
        "owner": "Mic92",
        "repo": "sops-nix",
        "rev": "c5dab21d8706afc7ceb05c23d4244dcb48d6aade",
        "type": "github"
      },
      "original": {
        "owner": "Mic92",
        "repo": "sops-nix",
        "type": "github"
      }
    },
    "stable": {
      "locked": {
        "lastModified": 1676481369,
        "narHash": "sha256-Ehj537ELNJ/aseJUqWY+o7wkB5AMUPGRQM1ueQRQle4=",
        "owner": "rayandrew",
        "repo": "nixpkgs",
        "rev": "6a089e3a79fe50a57939f3825ba6a86257294d6b",
        "type": "github"
      },
      "original": {
        "owner": "rayandrew",
        "ref": "nixos-22.11",
        "repo": "nixpkgs",
        "type": "github"
      }
    },
    "utils": {
      "locked": {
        "lastModified": 1676283394,
        "narHash": "sha256-XX2f9c3iySLCw54rJ/CZs+ZK6IQy7GXNY4nSOyu2QG4=",
        "owner": "numtide",
        "repo": "flake-utils",
        "rev": "3db36a8b464d0c4532ba1c7dda728f4576d6d073",
        "type": "github"
      },
      "original": {
        "owner": "numtide",
        "repo": "flake-utils",
        "type": "github"
      }
    },
    "utils_2": {
      "locked": {
        "lastModified": 1676283394,
        "narHash": "sha256-XX2f9c3iySLCw54rJ/CZs+ZK6IQy7GXNY4nSOyu2QG4=",
        "owner": "numtide",
        "repo": "flake-utils",
        "rev": "3db36a8b464d0c4532ba1c7dda728f4576d6d073",
        "type": "github"
      },
      "original": {
        "owner": "numtide",
        "repo": "flake-utils",
        "type": "github"
      }
    }
  },
  "root": "root",
  "version": 7
}
